
Microsoft Visual Studio Solution File, Format Version 12.00
# Visual Studio Version 16
VisualStudioVersion = 16.0.29009.5
MinimumVisualStudioVersion = 10.0.40219.1
Project("{FAE04EC0-301F-11D3-BF4B-00C04F79EFBC}") = "AutomapperDemo", "AutomapperDemo\AutomapperDemo.csproj", "{B996FA3F-4029-4D54-B2BE-918F0CE1B8A6}"
EndProject
Project("{FAE04EC0-301F-11D3-BF4B-00C04F79EFBC}") = "AutomapperProfiles", "AutomapperProfiles\AutomapperProfiles.csproj", "{3C0F99CD-59DB-4531-AE61-5B1DBD00EE1C}"
EndProject
Project("{FAE04EC0-301F-11D3-BF4B-00C04F79EFBC}") = "Models", "Models\Models.csproj", "{15952EF0-833A-4859-835D-3B0AA1443A56}"
EndProject
Global
	GlobalSection(SolutionConfigurationPlatforms) = preSolution
		Debug|Any CPU = Debug|Any CPU
		Release|Any CPU = Release|Any CPU
	EndGlobalSection
	GlobalSection(ProjectConfigurationPlatforms) = postSolution
		{B996FA3F-4029-4D54-B2BE-918F0CE1B8A6}.Debug|Any CPU.ActiveCfg = Debug|Any CPU
		{B996FA3F-4029-4D54-B2BE-918F0CE1B8A6}.Debug|Any CPU.Build.0 = Debug|Any CPU
		{B996FA3F-4029-4D54-B2BE-918F0CE1B8A6}.Release|Any CPU.ActiveCfg = Release|Any CPU
		{B996FA3F-4029-4D54-B2BE-918F0CE1B8A6}.Release|Any CPU.Build.0 = Release|Any CPU
		{3C0F99CD-59DB-4531-AE61-5B1DBD00EE1C}.Debug|Any CPU.ActiveCfg = Debug|Any CPU
		{3C0F99CD-59DB-4531-AE61-5B1DBD00EE1C}.Debug|Any CPU.Build.0 = Debug|Any CPU
		{3C0F99CD-59DB-4531-AE61-5B1DBD00EE1C}.Release|Any CPU.ActiveCfg = Release|Any CPU
		{3C0F99CD-59DB-4531-AE61-5B1DBD00EE1C}.Release|Any CPU.Build.0 = Release|Any CPU
		{15952EF0-833A-4859-835D-3B0AA1443A56}.Debug|Any CPU.ActiveCfg = Debug|Any CPU
		{15952EF0-833A-4859-835D-3B0AA1443A56}.Debug|Any CPU.Build.0 = Debug|Any CPU
		{15952EF0-833A-4859-835D-3B0AA1443A56}.Release|Any CPU.ActiveCfg = Release|Any CPU
		{15952EF0-833A-4859-835D-3B0AA1443A56}.Release|Any CPU.Build.0 = Release|Any CPU
	EndGlobalSection
	GlobalSection(SolutionProperties) = preSolution
		HideSolutionNode = FALSE
	EndGlobalSection
	GlobalSection(ExtensibilityGlobals) = postSolution
		SolutionGuid = {4C653E86-4DFD-4BDE-9BC4-1B380AABDB8D}
	EndGlobalSection
EndGlobal
